
Microsoft Visual Studio Solution File, Format Version 12.00
# Visual Studio Version 17
VisualStudioVersion = 17.8.34511.84
MinimumVisualStudioVersion = 10.0.40219.1
Project("{9A19103F-16F7-4668-BE54-9A1E7A4F7556}") = "WebApplication1", "WebApplication1\WebApplication1.csproj", "{D55722FF-022B-4F53-A8C3-A037936E53CF}"
EndProject
Global
	GlobalSection(SolutionConfigurationPlatforms) = preSolution
		Debug|Any CPU = Debug|Any CPU
		Release|Any CPU = Release|Any CPU
	EndGlobalSection
	GlobalSection(ProjectConfigurationPlatforms) = postSolution
		{D55722FF-022B-4F53-A8C3-A037936E53CF}.Debug|Any CPU.ActiveCfg = Debug|Any CPU
		{D55722FF-022B-4F53-A8C3-A037936E53CF}.Debug|Any CPU.Build.0 = Debug|Any CPU
		{D55722FF-022B-4F53-A8C3-A037936E53CF}.Release|Any CPU.ActiveCfg = Release|Any CPU
		{D55722FF-022B-4F53-A8C3-A037936E53CF}.Release|Any CPU.Build.0 = Release|Any CPU
	EndGlobalSection
	GlobalSection(SolutionProperties) = preSolution
		HideSolutionNode = FALSE
	EndGlobalSection
	GlobalSection(ExtensibilityGlobals) = postSolution
		SolutionGuid = {3CA14FDE-EA14-473F-B296-455BAC0E5BB0}
	EndGlobalSection
EndGlobal
